
Microsoft Visual Studio Solution File, Format Version 12.00
# Visual Studio Version 17
VisualStudioVersion = 17.10.35027.167
MinimumVisualStudioVersion = 10.0.40219.1
Project("{FAE04EC0-301F-11D3-BF4B-00C04F79EFBC}") = "OrderManagements", "OrderManagements.csproj", "{21AB0B34-E3B9-4E6E-802C-A65BAAE6A5A7}"
EndProject
Global
	GlobalSection(SolutionConfigurationPlatforms) = preSolution
		Debug|Any CPU = Debug|Any CPU
		Release|Any CPU = Release|Any CPU
	EndGlobalSection
	GlobalSection(ProjectConfigurationPlatforms) = postSolution
		{21AB0B34-E3B9-4E6E-802C-A65BAAE6A5A7}.Debug|Any CPU.ActiveCfg = Debug|Any CPU
		{21AB0B34-E3B9-4E6E-802C-A65BAAE6A5A7}.Debug|Any CPU.Build.0 = Debug|Any CPU
		{21AB0B34-E3B9-4E6E-802C-A65BAAE6A5A7}.Release|Any CPU.ActiveCfg = Release|Any CPU
		{21AB0B34-E3B9-4E6E-802C-A65BAAE6A5A7}.Release|Any CPU.Build.0 = Release|Any CPU
	EndGlobalSection
	GlobalSection(SolutionProperties) = preSolution
		HideSolutionNode = FALSE
	EndGlobalSection
	GlobalSection(ExtensibilityGlobals) = postSolution
		SolutionGuid = {493EF04D-B23E-49C4-A391-A1288D8A0C5E}
	EndGlobalSection
EndGlobal
